# THIS IS AN AUTOGENERATED FILE. DO NOT EDIT THIS FILE DIRECTLY.
# yarn lockfile v1


"@fortawesome/fontawesome-free@^5.6.3":
  version "5.6.3"
  resolved "http://registry.npm.taobao.org/@fortawesome/fontawesome-free/download/@fortawesome/fontawesome-free-5.6.3.tgz#61c122c420d7a91613f393d6a06e5a4c6ae6abf3"
